{
  "name": "free-pie",
  "version": "1.0.2",
  "lockfileVersion": 1,
  "requires": true,
  "dependencies": {
    "cli-circle": {
      "version": "3.2.9",
      "resolved": "https://registry.npmjs.org/cli-circle/-/cli-circle-3.2.9.tgz",
      "integrity": "sha1-BkEvRpIuZuGJdmnfuEDkzAwcYFg=",
      "requires": {
        "cli-graph": "3.2.2",
        "typpy": "2.3.10",
        "ul": "5.2.13"
      }
    },
    "cli-graph": {
      "version": "3.2.2",
      "resolved": "https://registry.npmjs.org/cli-graph/-/cli-graph-3.2.2.tgz",
      "integrity": "sha1-1oEKJjqxCXG+aIJ59n+smPjfdDo=",
      "requires": {
        "ul": "5.0.0"
      },
      "dependencies": {
        "typpy": {
          "version": "2.0.0",
          "resolved": "https://registry.npmjs.org/typpy/-/typpy-2.0.0.tgz",
          "integrity": "sha1-re87rMEv9Hr/kg+rA6j/MnnXN9Y="
        },
        "ul": {
          "version": "5.0.0",
          "resolved": "https://registry.npmjs.org/ul/-/ul-5.0.0.tgz",
          "integrity": "sha1-yoDXkwJfP9Xcm/g0aYGNMQp8mmI=",
          "requires": {
            "deffy": "2.0.0",
            "typpy": "2.0.0"
          }
        }
      }
    },
    "cli-pie": {
      "version": "2.4.0",
      "resolved": "https://registry.npmjs.org/cli-pie/-/cli-pie-2.4.0.tgz",
      "integrity": "sha512-4b+oMGulNVOt4ZI7+hnFw0+iPgDeoQw9g3f+vN+F8kzk8mSD7Pxnj+e8z+8Q6czPmADB5IHpZaDx6gLQODjWMw==",
      "requires": {
        "cli-circle": "3.2.9",
        "couleurs": "5.2.1",
        "flatcolors": "3.0.0",
        "ul": "5.2.13"
      }
    },
    "couleurs": {
      "version": "5.2.1",
      "resolved": "https://registry.npmjs.org/couleurs/-/couleurs-5.2.1.tgz",
      "integrity": "sha1-U5n596FZhS7BQkT4Qb2FjwTcUqM=",
      "requires": {
        "flat-colors": "3.0.0",
        "typpy": "2.0.0",
        "x256": "0.0.2"
      },
      "dependencies": {
        "typpy": {
          "version": "2.0.0",
          "resolved": "https://registry.npmjs.org/typpy/-/typpy-2.0.0.tgz",
          "integrity": "sha1-re87rMEv9Hr/kg+rA6j/MnnXN9Y="
        }
      }
    },
    "deffy": {
      "version": "2.0.0",
      "resolved": "https://registry.npmjs.org/deffy/-/deffy-2.0.0.tgz",
      "integrity": "sha1-+C4I7qUYxKCjCx8D7FBNJIryiTI=",
      "requires": {
        "typpy": "2.3.10"
      }
    },
    "flat-colors": {
      "version": "3.0.0",
      "resolved": "https://registry.npmjs.org/flat-colors/-/flat-colors-3.0.0.tgz",
      "integrity": "sha1-JTqxojmJwyHxOwrNS/c//0By7Lc="
    },
    "flatcolors": {
      "version": "3.0.0",
      "resolved": "https://registry.npmjs.org/flatcolors/-/flatcolors-3.0.0.tgz",
      "integrity": "sha1-Q5MoO3M1qJsuTUcKqWb4zYofqz0="
    },
    "function.name": {
      "version": "1.0.10",
      "resolved": "https://registry.npmjs.org/function.name/-/function.name-1.0.10.tgz",
      "integrity": "sha512-IPRArugcDP5O1oRUl2H55GnLNq3CV26bG/dFzLx0AR2dhB/4nj9rIqh1NBdlK7bWlfggV1Q+Aq5Jxafr/+j4BQ==",
      "requires": {
        "noop6": "1.0.7"
      }
    },
    "noop6": {
      "version": "1.0.7",
      "resolved": "https://registry.npmjs.org/noop6/-/noop6-1.0.7.tgz",
      "integrity": "sha1-lnZ78gWLpZyoy5FVk0fdyAI5+o4="
    },
    "systeminformation": {
      "version": "5.3.1",
      "resolved": "https://registry.npmjs.org/systeminformation/-/systeminformation-5.3.1.tgz",
      "integrity": "sha512-1xG+6xfKXSowtZsAlUp6jVaV0q+5rq9yUN+ds6Hp2dR3/EdEU5r0v74qi5YF8BCGZfmddiOwDNB0h7ge70fmYA=="
    },
    "typpy": {
      "version": "2.3.10",
      "resolved": "https://registry.npmjs.org/typpy/-/typpy-2.3.10.tgz",
      "integrity": "sha512-DKiSmYeXF4q+K0H999sVROLjwsngad5AloblLo72No+xVT9W09ytUIOCC/3puHsf+Dsf8M2hoPds0H1HwJgQqg==",
      "requires": {
        "function.name": "1.0.10"
      }
    },
    "ul": {
      "version": "5.2.13",
      "resolved": "https://registry.npmjs.org/ul/-/ul-5.2.13.tgz",
      "integrity": "sha1-n/BQTqNcofdMC/WeZIDe8Am617U=",
      "requires": {
        "deffy": "2.2.2",
        "typpy": "2.3.10"
      },
      "dependencies": {
        "deffy": {
          "version": "2.2.2",
          "resolved": "https://registry.npmjs.org/deffy/-/deffy-2.2.2.tgz",
          "integrity": "sha1-CI9AkTy0cHhlP6b2l8IG4DRx1SM=",
          "requires": {
            "typpy": "2.3.10"
          }
        }
      }
    },
    "x256": {
      "version": "0.0.2",
      "resolved": "https://registry.npmjs.org/x256/-/x256-0.0.2.tgz",
      "integrity": "sha1-ya8Yh296F1gB1WT+cK2egxd4STQ="
    }
  }
}
